
Microsoft Visual Studio Solution File, Format Version 12.00
# Visual Studio Version 17
VisualStudioVersion = 17.7.34031.279
MinimumVisualStudioVersion = 10.0.40219.1
Project("{9A19103F-16F7-4668-BE54-9A1E7A4F7556}") = "ExtendedDate", "ExtendedDateTime\ExtendedDate.csproj", "{C290D63C-AD98-4623-94E8-0BA2A0E1BFC5}"
EndProject
Project("{9A19103F-16F7-4668-BE54-9A1E7A4F7556}") = "ExtendedTimeUnitTest", "ExtendedTimeUniTest\ExtendedTimeUnitTest.csproj", "{3E41831B-14FA-4FF7-9953-C79FB19C4790}"
EndProject
Global
	GlobalSection(SolutionConfigurationPlatforms) = preSolution
		Debug|Any CPU = Debug|Any CPU
		Release|Any CPU = Release|Any CPU
	EndGlobalSection
	GlobalSection(ProjectConfigurationPlatforms) = postSolution
		{C290D63C-AD98-4623-94E8-0BA2A0E1BFC5}.Debug|Any CPU.ActiveCfg = Debug|Any CPU
		{C290D63C-AD98-4623-94E8-0BA2A0E1BFC5}.Debug|Any CPU.Build.0 = Debug|Any CPU
		{C290D63C-AD98-4623-94E8-0BA2A0E1BFC5}.Release|Any CPU.ActiveCfg = Release|Any CPU
		{C290D63C-AD98-4623-94E8-0BA2A0E1BFC5}.Release|Any CPU.Build.0 = Release|Any CPU
		{3E41831B-14FA-4FF7-9953-C79FB19C4790}.Debug|Any CPU.ActiveCfg = Debug|Any CPU
		{3E41831B-14FA-4FF7-9953-C79FB19C4790}.Debug|Any CPU.Build.0 = Debug|Any CPU
		{3E41831B-14FA-4FF7-9953-C79FB19C4790}.Release|Any CPU.ActiveCfg = Release|Any CPU
		{3E41831B-14FA-4FF7-9953-C79FB19C4790}.Release|Any CPU.Build.0 = Release|Any CPU
	EndGlobalSection
	GlobalSection(SolutionProperties) = preSolution
		HideSolutionNode = FALSE
	EndGlobalSection
	GlobalSection(ExtensibilityGlobals) = postSolution
		SolutionGuid = {31045BCF-77FB-42DB-95B6-144678234434}
	EndGlobalSection
EndGlobal
